("quicklisp" .
 (:class qlot/source/dist:source-dist
  :initargs (:distribution "https://beta.quicklisp.org/dist/quicklisp.txt" :%version :latest)
  :version "2025-06-22"))
("uiop" .
 (:class qlot/source/ql:source-ql
  :initargs (:%version :latest)
  :version "ql-2024-10-12"))
("micros" .
 (:class qlot/source/git:source-git
  :initargs (:remote-url "https://github.com/lem-project/micros.git")
  :version "git-e1d3857400a9bf7d1c6c2852d9c7017a0dc52217"))
("lem-mailbox" .
 (:class qlot/source/git:source-git
  :initargs (:remote-url "https://github.com/lem-project/lem-mailbox.git")
  :version "git-12d629541da440fadf771b0225a051ae65fa342a"))
("async-process" .
 (:class qlot/source/git:source-git
  :initargs (:remote-url "https://github.com/lem-project/async-process.git")
  :version "git-3b16b91d417530dac03559980fb5703206e20c55"))
("sblint" .
 (:class qlot/source/git:source-git
  :initargs (:remote-url "https://github.com/cxxxr/sblint.git")
  :version "git-1037296f604c3210ce073a53539d4ae95b0c2f8c"))
("rove" .
 (:class qlot/source/git:source-git
  :initargs (:remote-url "https://github.com/fukamachi/rove.git")
  :version "git-9868028edf511da5fe61355881af9f4c35f051df"))
("cl-sdl2" .
 (:class qlot/source/git:source-git
  :initargs (:remote-url "https://github.com/lem-project/cl-sdl2.git")
  :version "git-24dd7f238f99065b0ae35266b71cce7783e89fa7"))
("cl-sdl2-ttf" .
 (:class qlot/source/git:source-git
  :initargs (:remote-url "https://github.com/lem-project/cl-sdl2-ttf.git")
  :version "git-f43344efe89cf9ce509e6ce4f7303ebb2ff14434"))
("cl-sdl2-image" .
 (:class qlot/source/git:source-git
  :initargs (:remote-url "https://github.com/lem-project/cl-sdl2-image.git")
  :version "git-8734b0e24de9ca390c9f763d9d7cd501546d17d4"))
("jsonrpc" .
 (:class qlot/source/git:source-git
  :initargs (:remote-url "https://github.com/cxxxr/jsonrpc.git")
  :version "git-42fa96ec34f6b6be77a6f12f7c4e84f375eff019"))
("lem-extension-manager" .
 (:class qlot/source/git:source-git
  :initargs (:remote-url "https://github.com/lem-project/lem-extension-manager.git")
  :version "git-cb19321345d6fd13dc3ca59d4d5b9a6b14cc00b1"))
("webview" .
 (:class qlot/source/git:source-git
  :initargs (:remote-url "https://github.com/lem-project/webview.git")
  :version "git-bff8a0fab9352945e72a430454578d658e1b35d9"))
